// !$*UTF8*$!
{
	archiveVersion = 1;
	classes = {
	};
	objectVersion = 46;
	objects = {

/* Begin PBXBuildFile section */
		A60D8F591C31643F00B289C6 /* main.m in Sources */ = {isa = PBXBuildFile; fileRef = A60D8F581C31643F00B289C6 /* main.m */; };
		A60D8F5C1C31643F00B289C6 /* AppDelegate.m in Sources */ = {isa = PBXBuildFile; fileRef = A60D8F5B1C31643F00B289C6 /* AppDelegate.m */; };
		A60D8F641C31643F00B289C6 /* GameViewController.m in Sources */ = {isa = PBXBuildFile; fileRef = A60D8F631C31643F00B289C6 /* GameViewController.m */; };
		A60D8F671C31643F00B289C6 /* Main.storyboard in Resources */ = {isa = PBXBuildFile; fileRef = A60D8F651C31643F00B289C6 /* Main.storyboard */; };
		A60D8F691C31643F00B289C6 /* Assets.xcassets in Resources */ = {isa = PBXBuildFile; fileRef = A60D8F681C31643F00B289C6 /* Assets.xcassets */; };
		A60D8F6C1C31643F00B289C6 /* LaunchScreen.storyboard in Resources */ = {isa = PBXBuildFile; fileRef = A60D8F6A1C31643F00B289C6 /* LaunchScreen.storyboard */; };
		A618A7331C33DE3F005D5452 /* (null) in Sources */ = {isa = PBXBuildFile; };
		A618A7371C371692005D5452 /* SCGroundNode.m in Sources */ = {isa = PBXBuildFile; fileRef = A618A7361C371692005D5452 /* SCGroundNode.m */; };
		A618A73D1C385420005D5452 /* Damage.caf in Resources */ = {isa = PBXBuildFile; fileRef = A618A7391C385420005D5452 /* Damage.caf */; };
		A618A73E1C385420005D5452 /* Explode.caf in Resources */ = {isa = PBXBuildFile; fileRef = A618A73A1C385420005D5452 /* Explode.caf */; };
		A618A73F1C385420005D5452 /* Laser.caf in Resources */ = {isa = PBXBuildFile; fileRef = A618A73B1C385420005D5452 /* Laser.caf */; };
		A618A7401C385420005D5452 /* PressStart.caf in Resources */ = {isa = PBXBuildFile; fileRef = A618A73C1C385420005D5452 /* PressStart.caf */; };
		A618A7441C385FBB005D5452 /* GameOver.mp3 in Resources */ = {isa = PBXBuildFile; fileRef = A618A7411C385FBB005D5452 /* GameOver.mp3 */; };
		A618A7451C385FBB005D5452 /* Gameplay.mp3 in Resources */ = {isa = PBXBuildFile; fileRef = A618A7421C385FBB005D5452 /* Gameplay.mp3 */; };
		A618A7461C385FBB005D5452 /* StartScreen.mp3 in Resources */ = {isa = PBXBuildFile; fileRef = A618A7431C385FBB005D5452 /* StartScreen.mp3 */; };
		A618A7481C387EA5005D5452 /* SCDogNode.m in Sources */ = {isa = PBXBuildFile; fileRef = A618A7471C387EA5005D5452 /* SCDogNode.m */; };
		A66DC0631C31F81300234E1B /* SCUtil.m in Sources */ = {isa = PBXBuildFile; fileRef = A66DC0621C31F81300234E1B /* SCUtil.m */; };
		A6B4BB181C4324D9007CC628 /* SCHudNode.m in Sources */ = {isa = PBXBuildFile; fileRef = A6B4BB171C4324D9007CC628 /* SCHudNode.m */; };
		A6B4BB1B1C433559007CC628 /* SCGameOverNode.m in Sources */ = {isa = PBXBuildFile; fileRef = A6B4BB1A1C433559007CC628 /* SCGameOverNode.m */; };
		A6CE3B7F1C31D27E00B2AA08 /* SCGamePlayScene.m in Sources */ = {isa = PBXBuildFile; fileRef = A6CE3B7E1C31D27E00B2AA08 /* SCGamePlayScene.m */; };
		A6CE3B821C31D2A700B2AA08 /* SCTitleScene.m in Sources */ = {isa = PBXBuildFile; fileRef = A6CE3B811C31D2A700B2AA08 /* SCTitleScene.m */; };
		A6CE3B851C31D2F600B2AA08 /* SCMachineNode.m in Sources */ = {isa = PBXBuildFile; fileRef = A6CE3B841C31D2F600B2AA08 /* SCMachineNode.m */; };
		A6CE3B881C31D32500B2AA08 /* SCCatNode.m in Sources */ = {isa = PBXBuildFile; fileRef = A6CE3B871C31D32500B2AA08 /* SCCatNode.m */; };
		A6CE3B8A1C31D50D00B2AA08 /* Sprites.atlas in Resources */ = {isa = PBXBuildFile; fileRef = A6CE3B891C31D50D00B2AA08 /* Sprites.atlas */; };
		A6CE3B8D1C31E76100B2AA08 /* SCProjectileNode.m in Sources */ = {isa = PBXBuildFile; fileRef = A6CE3B8C1C31E76100B2AA08 /* SCProjectileNode.m */; };
/* End PBXBuildFile section */

/* Begin PBXFileReference section */
		A60D8F541C31643F00B289C6 /* SpaceCat.app */ = {isa = PBXFileReference; explicitFileType = wrapper.application; includeInIndex = 0; path = SpaceCat.app; sourceTree = BUILT_PRODUCTS_DIR; };
		A60D8F581C31643F00B289C6 /* main.m */ = {isa = PBXFileReference; lastKnownFileType = sourcecode.c.objc; path = main.m; sourceTree = "<group>"; };
		A60D8F5A1C31643F00B289C6 /* AppDelegate.h */ = {isa = PBXFileReference; lastKnownFileType = sourcecode.c.h; path = AppDelegate.h; sourceTree = "<group>"; };
		A60D8F5B1C31643F00B289C6 /* AppDelegate.m */ = {isa = PBXFileReference; lastKnownFileType = sourcecode.c.objc; path = AppDelegate.m; sourceTree = "<group>"; };
		A60D8F621C31643F00B289C6 /* GameViewController.h */ = {isa = PBXFileReference; lastKnownFileType = sourcecode.c.h; path = GameViewController.h; sourceTree = "<group>"; };
		A60D8F631C31643F00B289C6 /* GameViewController.m */ = {isa = PBXFileReference; lastKnownFileType = sourcecode.c.objc; path = GameViewController.m; sourceTree = "<group>"; };
		A60D8F661C31643F00B289C6 /* Base */ = {isa = PBXFileReference; lastKnownFileType = file.storyboard; name = Base; path = Base.lproj/Main.storyboard; sourceTree = "<group>"; };
		A60D8F681C31643F00B289C6 /* Assets.xcassets */ = {isa = PBXFileReference; lastKnownFileType = folder.assetcatalog; path = Assets.xcassets; sourceTree = "<group>"; };
		A60D8F6B1C31643F00B289C6 /* Base */ = {isa = PBXFileReference; lastKnownFileType = file.storyboard; name = Base; path = Base.lproj/LaunchScreen.storyboard; sourceTree = "<group>"; };
		A60D8F6D1C31643F00B289C6 /* Info.plist */ = {isa = PBXFileReference; lastKnownFileType = text.plist.xml; path = Info.plist; sourceTree = "<group>"; };
		A618A7311C33DE3F005D5452 /* SCDogNode.h */ = {isa = PBXFileReference; fileEncoding = 4; lastKnownFileType = sourcecode.c.h; path = SCDogNode.h; sourceTree = "<group>"; };
		A618A7351C371692005D5452 /* SCGroundNode.h */ = {isa = PBXFileReference; fileEncoding = 4; lastKnownFileType = sourcecode.c.h; path = SCGroundNode.h; sourceTree = "<group>"; };
		A618A7361C371692005D5452 /* SCGroundNode.m */ = {isa = PBXFileReference; fileEncoding = 4; lastKnownFileType = sourcecode.c.objc; path = SCGroundNode.m; sourceTree = "<group>"; };
		A618A7391C385420005D5452 /* Damage.caf */ = {isa = PBXFileReference; lastKnownFileType = file; path = Damage.caf; sourceTree = "<group>"; };
		A618A73A1C385420005D5452 /* Explode.caf */ = {isa = PBXFileReference; lastKnownFileType = file; path = Explode.caf; sourceTree = "<group>"; };
		A618A73B1C385420005D5452 /* Laser.caf */ = {isa = PBXFileReference; lastKnownFileType = file; path = Laser.caf; sourceTree = "<group>"; };
		A618A73C1C385420005D5452 /* PressStart.caf */ = {isa = PBXFileReference; lastKnownFileType = file; path = PressStart.caf; sourceTree = "<group>"; };
		A618A7411C385FBB005D5452 /* GameOver.mp3 */ = {isa = PBXFileReference; lastKnownFileType = audio.mp3; path = GameOver.mp3; sourceTree = "<group>"; };
		A618A7421C385FBB005D5452 /* Gameplay.mp3 */ = {isa = PBXFileReference; lastKnownFileType = audio.mp3; path = Gameplay.mp3; sourceTree = "<group>"; };
		A618A7431C385FBB005D5452 /* StartScreen.mp3 */ = {isa = PBXFileReference; lastKnownFileType = audio.mp3; path = StartScreen.mp3; sourceTree = "<group>"; };
		A618A7471C387EA5005D5452 /* SCDogNode.m */ = {isa = PBXFileReference; fileEncoding = 4; lastKnownFileType = sourcecode.c.objc; path = SCDogNode.m; sourceTree = "<group>"; };
		A66DC0611C31F81300234E1B /* SCUtil.h */ = {isa = PBXFileReference; fileEncoding = 4; lastKnownFileType = sourcecode.c.h; path = SCUtil.h; sourceTree = "<group>"; };
		A66DC0621C31F81300234E1B /* SCUtil.m */ = {isa = PBXFileReference; fileEncoding = 4; lastKnownFileType = sourcecode.c.objc; path = SCUtil.m; sourceTree = "<group>"; };
		A6B4BB161C4324D9007CC628 /* SCHudNode.h */ = {isa = PBXFileReference; fileEncoding = 4; lastKnownFileType = sourcecode.c.h; path = SCHudNode.h; sourceTree = "<group>"; };
		A6B4BB171C4324D9007CC628 /* SCHudNode.m */ = {isa = PBXFileReference; fileEncoding = 4; lastKnownFileType = sourcecode.c.objc; path = SCHudNode.m; sourceTree = "<group>"; };
		A6B4BB191C433559007CC628 /* SCGameOverNode.h */ = {isa = PBXFileReference; fileEncoding = 4; lastKnownFileType = sourcecode.c.h; path = SCGameOverNode.h; sourceTree = "<group>"; };
		A6B4BB1A1C433559007CC628 /* SCGameOverNode.m */ = {isa = PBXFileReference; fileEncoding = 4; lastKnownFileType = sourcecode.c.objc; path = SCGameOverNode.m; sourceTree = "<group>"; };
		A6CE3B7D1C31D27E00B2AA08 /* SCGamePlayScene.h */ = {isa = PBXFileReference; fileEncoding = 4; lastKnownFileType = sourcecode.c.h; path = SCGamePlayScene.h; sourceTree = "<group>"; };
		A6CE3B7E1C31D27E00B2AA08 /* SCGamePlayScene.m */ = {isa = PBXFileReference; fileEncoding = 4; lastKnownFileType = sourcecode.c.objc; path = SCGamePlayScene.m; sourceTree = "<group>"; };
		A6CE3B801C31D2A700B2AA08 /* SCTitleScene.h */ = {isa = PBXFileReference; fileEncoding = 4; lastKnownFileType = sourcecode.c.h; path = SCTitleScene.h; sourceTree = "<group>"; };
		A6CE3B811C31D2A700B2AA08 /* SCTitleScene.m */ = {isa = PBXFileReference; fileEncoding = 4; lastKnownFileType = sourcecode.c.objc; path = SCTitleScene.m; sourceTree = "<group>"; };
		A6CE3B831C31D2F600B2AA08 /* SCMachineNode.h */ = {isa = PBXFileReference; fileEncoding = 4; lastKnownFileType = sourcecode.c.h; path = SCMachineNode.h; sourceTree = "<group>"; };
		A6CE3B841C31D2F600B2AA08 /* SCMachineNode.m */ = {isa = PBXFileReference; fileEncoding = 4; lastKnownFileType = sourcecode.c.objc; path = SCMachineNode.m; sourceTree = "<group>"; };
		A6CE3B861C31D32500B2AA08 /* SCCatNode.h */ = {isa = PBXFileReference; fileEncoding = 4; lastKnownFileType = sourcecode.c.h; path = SCCatNode.h; sourceTree = "<group>"; };
		A6CE3B871C31D32500B2AA08 /* SCCatNode.m */ = {isa = PBXFileReference; fileEncoding = 4; lastKnownFileType = sourcecode.c.objc; path = SCCatNode.m; sourceTree = "<group>"; };
		A6CE3B891C31D50D00B2AA08 /* Sprites.atlas */ = {isa = PBXFileReference; lastKnownFileType = folder.skatlas; path = Sprites.atlas; sourceTree = "<group>"; };
		A6CE3B8B1C31E76100B2AA08 /* SCProjectileNode.h */ = {isa = PBXFileReference; fileEncoding = 4; lastKnownFileType = sourcecode.c.h; path = SCProjectileNode.h; sourceTree = "<group>"; };
		A6CE3B8C1C31E76100B2AA08 /* SCProjectileNode.m */ = {isa = PBXFileReference; fileEncoding = 4; lastKnownFileType = sourcecode.c.objc; path = SCProjectileNode.m; sourceTree = "<group>"; };
/* End PBXFileReference section */

/* Begin PBXFrameworksBuildPhase section */
		A60D8F511C31643F00B289C6 /* Frameworks */ = {
			isa = PBXFrameworksBuildPhase;
			buildActionMask = 2147483647;
			files = (
			);
			runOnlyForDeploymentPostprocessing = 0;
		};
/* End PBXFrameworksBuildPhase section */

/* Begin PBXGroup section */
		A60D8F4B1C31643F00B289C6 = {
			isa = PBXGroup;
			children = (
				A60D8F551C31643F00B289C6 /* Products */,
				A60D8F561C31643F00B289C6 /* SpaceCat */,
			);
			sourceTree = "<group>";
		};
		A60D8F551C31643F00B289C6 /* Products */ = {
			isa = PBXGroup;
			children = (
				A60D8F541C31643F00B289C6 /* SpaceCat.app */,
			);
			name = Products;
			sourceTree = "<group>";
		};
		A60D8F561C31643F00B289C6 /* SpaceCat */ = {
			isa = PBXGroup;
			children = (
				A6CE3B801C31D2A700B2AA08 /* SCTitleScene.h */,
				A6CE3B811C31D2A700B2AA08 /* SCTitleScene.m */,
				A6CE3B7D1C31D27E00B2AA08 /* SCGamePlayScene.h */,
				A6CE3B7E1C31D27E00B2AA08 /* SCGamePlayScene.m */,
				A6B4BB161C4324D9007CC628 /* SCHudNode.h */,
				A6B4BB171C4324D9007CC628 /* SCHudNode.m */,
				A618A7351C371692005D5452 /* SCGroundNode.h */,
				A618A7361C371692005D5452 /* SCGroundNode.m */,
				A6CE3B831C31D2F600B2AA08 /* SCMachineNode.h */,
				A6CE3B841C31D2F600B2AA08 /* SCMachineNode.m */,
				A6CE3B8B1C31E76100B2AA08 /* SCProjectileNode.h */,
				A6CE3B8C1C31E76100B2AA08 /* SCProjectileNode.m */,
				A6CE3B861C31D32500B2AA08 /* SCCatNode.h */,
				A6CE3B871C31D32500B2AA08 /* SCCatNode.m */,
				A618A7311C33DE3F005D5452 /* SCDogNode.h */,
				A618A7471C387EA5005D5452 /* SCDogNode.m */,
				A6B4BB191C433559007CC628 /* SCGameOverNode.h */,
				A6B4BB1A1C433559007CC628 /* SCGameOverNode.m */,
				A66DC0611C31F81300234E1B /* SCUtil.h */,
				A66DC0621C31F81300234E1B /* SCUtil.m */,
				A60D8F681C31643F00B289C6 /* Assets.xcassets */,
				A6CE3B891C31D50D00B2AA08 /* Sprites.atlas */,
				A60D8F571C31643F00B289C6 /* Supporting Files */,
				A618A7381C3853D4005D5452 /* Sounds */,
			);
			path = SpaceCat;
			sourceTree = "<group>";
		};
		A60D8F571C31643F00B289C6 /* Supporting Files */ = {
			isa = PBXGroup;
			children = (
				A60D8F5A1C31643F00B289C6 /* AppDelegate.h */,
				A60D8F5B1C31643F00B289C6 /* AppDelegate.m */,
				A60D8F621C31643F00B289C6 /* GameViewController.h */,
				A60D8F631C31643F00B289C6 /* GameViewController.m */,
				A60D8F651C31643F00B289C6 /* Main.storyboard */,
				A60D8F6A1C31643F00B289C6 /* LaunchScreen.storyboard */,
				A60D8F6D1C31643F00B289C6 /* Info.plist */,
				A60D8F581C31643F00B289C6 /* main.m */,
			);
			name = "Supporting Files";
			sourceTree = "<group>";
		};
		A618A7381C3853D4005D5452 /* Sounds */ = {
			isa = PBXGroup;
			children = (
				A618A7411C385FBB005D5452 /* GameOver.mp3 */,
				A618A7421C385FBB005D5452 /* Gameplay.mp3 */,
				A618A7431C385FBB005D5452 /* StartScreen.mp3 */,
				A618A7391C385420005D5452 /* Damage.caf */,
				A618A73A1C385420005D5452 /* Explode.caf */,
				A618A73B1C385420005D5452 /* Laser.caf */,
				A618A73C1C385420005D5452 /* PressStart.caf */,
			);
			path = Sounds;
			sourceTree = "<group>";
		};
/* End PBXGroup section */

/* Begin PBXNativeTarget section */
		A60D8F531C31643F00B289C6 /* SpaceCat */ = {
			isa = PBXNativeTarget;
			buildConfigurationList = A60D8F701C31643F00B289C6 /* Build configuration list for PBXNativeTarget "SpaceCat" */;
			buildPhases = (
				A60D8F501C31643F00B289C6 /* Sources */,
				A60D8F511C31643F00B289C6 /* Frameworks */,
				A60D8F521C31643F00B289C6 /* Resources */,
			);
			buildRules = (
			);
			dependencies = (
			);
			name = SpaceCat;
			productName = SpaceCat;
			productReference = A60D8F541C31643F00B289C6 /* SpaceCat.app */;
			productType = "com.apple.product-type.application";
		};
/* End PBXNativeTarget section */

/* Begin PBXProject section */
		A60D8F4C1C31643F00B289C6 /* Project object */ = {
			isa = PBXProject;
			attributes = {
				CLASSPREFIX = SC;
				LastUpgradeCheck = 0720;
				ORGANIZATIONNAME = "ILYA Toka";
				TargetAttributes = {
					A60D8F531C31643F00B289C6 = {
						CreatedOnToolsVersion = 7.2;
						DevelopmentTeam = AL83NT8N97;
					};
				};
			};
			buildConfigurationList = A60D8F4F1C31643F00B289C6 /* Build configuration list for PBXProject "SpaceCat" */;
			compatibilityVersion = "Xcode 3.2";
			developmentRegion = English;
			hasScannedForEncodings = 0;
			knownRegions = (
				en,
				Base,
			);
			mainGroup = A60D8F4B1C31643F00B289C6;
			productRefGroup = A60D8F551C31643F00B289C6 /* Products */;
			projectDirPath = "";
			projectRoot = "";
			targets = (
				A60D8F531C31643F00B289C6 /* SpaceCat */,
			);
		};
/* End PBXProject section */

/* Begin PBXResourcesBuildPhase section */
		A60D8F521C31643F00B289C6 /* Resources */ = {
			isa = PBXResourcesBuildPhase;
			buildActionMask = 2147483647;
			files = (
				A618A7451C385FBB005D5452 /* Gameplay.mp3 in Resources */,
				A60D8F6C1C31643F00B289C6 /* LaunchScreen.storyboard in Resources */,
				A618A7401C385420005D5452 /* PressStart.caf in Resources */,
				A618A73F1C385420005D5452 /* Laser.caf in Resources */,
				A60D8F691C31643F00B289C6 /* Assets.xcassets in Resources */,
				A618A7441C385FBB005D5452 /* GameOver.mp3 in Resources */,
				A618A73D1C385420005D5452 /* Damage.caf in Resources */,
				A6CE3B8A1C31D50D00B2AA08 /* Sprites.atlas in Resources */,
				A618A73E1C385420005D5452 /* Explode.caf in Resources */,
				A618A7461C385FBB005D5452 /* StartScreen.mp3 in Resources */,
				A60D8F671C31643F00B289C6 /* Main.storyboard in Resources */,
			);
			runOnlyForDeploymentPostprocessing = 0;
		};
/* End PBXResourcesBuildPhase section */

/* Begin PBXSourcesBuildPhase section */
		A60D8F501C31643F00B289C6 /* Sources */ = {
			isa = PBXSourcesBuildPhase;
			buildActionMask = 2147483647;
			files = (
				A618A7481C387EA5005D5452 /* SCDogNode.m in Sources */,
				A6CE3B7F1C31D27E00B2AA08 /* SCGamePlayScene.m in Sources */,
				A6CE3B821C31D2A700B2AA08 /* SCTitleScene.m in Sources */,
				A6B4BB181C4324D9007CC628 /* SCHudNode.m in Sources */,
				A66DC0631C31F81300234E1B /* SCUtil.m in Sources */,
				A6CE3B8D1C31E76100B2AA08 /* SCProjectileNode.m in Sources */,
				A60D8F641C31643F00B289C6 /* GameViewController.m in Sources */,
				A60D8F5C1C31643F00B289C6 /* AppDelegate.m in Sources */,
				A618A7331C33DE3F005D5452 /* (null) in Sources */,
				A60D8F591C31643F00B289C6 /* main.m in Sources */,
				A6CE3B851C31D2F600B2AA08 /* SCMachineNode.m in Sources */,
				A6B4BB1B1C433559007CC628 /* SCGameOverNode.m in Sources */,
				A618A7371C371692005D5452 /* SCGroundNode.m in Sources */,
				A6CE3B881C31D32500B2AA08 /* SCCatNode.m in Sources */,
			);
			runOnlyForDeploymentPostprocessing = 0;
		};
/* End PBXSourcesBuildPhase section */

/* Begin PBXVariantGroup section */
		A60D8F651C31643F00B289C6 /* Main.storyboard */ = {
			isa = PBXVariantGroup;
			children = (
				A60D8F661C31643F00B289C6 /* Base */,
			);
			name = Main.storyboard;
			sourceTree = "<group>";
		};
		A60D8F6A1C31643F00B289C6 /* LaunchScreen.storyboard */ = {
			isa = PBXVariantGroup;
			children = (
				A60D8F6B1C31643F00B289C6 /* Base */,
			);
			name = LaunchScreen.storyboard;
			sourceTree = "<group>";
		};
/* End PBXVariantGroup section */

/* Begin XCBuildConfiguration section */
		A60D8F6E1C31643F00B289C6 /* Debug */ = {
			isa = XCBuildConfiguration;
			buildSettings = {
				ALWAYS_SEARCH_USER_PATHS = NO;
				CLANG_CXX_LANGUAGE_STANDARD = "gnu++0x";
				CLANG_CXX_LIBRARY = "libc++";
				CLANG_ENABLE_MODULES = YES;
				CLANG_ENABLE_OBJC_ARC = YES;
				CLANG_WARN_BOOL_CONVERSION = YES;
				CLANG_WARN_CONSTANT_CONVERSION = YES;
				CLANG_WARN_DIRECT_OBJC_ISA_USAGE = YES_ERROR;
				CLANG_WARN_EMPTY_BODY = YES;
				CLANG_WARN_ENUM_CONVERSION = YES;
				CLANG_WARN_INT_CONVERSION = YES;
				CLANG_WARN_OBJC_ROOT_CLASS = YES_ERROR;
				CLANG_WARN_UNREACHABLE_CODE = YES;
				CLANG_WARN__DUPLICATE_METHOD_MATCH = YES;
				"CODE_SIGN_IDENTITY[sdk=iphoneos*]" = "iPhone Developer";
				COPY_PHASE_STRIP = NO;
				DEBUG_INFORMATION_FORMAT = "dwarf-with-dsym";
				ENABLE_STRICT_OBJC_MSGSEND = YES;
				ENABLE_TESTABILITY = YES;
				GCC_C_LANGUAGE_STANDARD = gnu99;
				GCC_DYNAMIC_NO_PIC = NO;
				GCC_NO_COMMON_BLOCKS = YES;
				GCC_OPTIMIZATION_LEVEL = 0;
				GCC_PREPROCESSOR_DEFINITIONS = (
					"DEBUG=1",
					"$(inherited)",
				);
				GCC_WARN_64_TO_32_BIT_CONVERSION = YES;
				GCC_WARN_ABOUT_RETURN_TYPE = YES_ERROR;
				GCC_WARN_UNDECLARED_SELECTOR = YES;
				GCC_WARN_UNINITIALIZED_AUTOS = YES_AGGRESSIVE;
				GCC_WARN_UNUSED_FUNCTION = YES;
				GCC_WARN_UNUSED_VARIABLE = YES;
				IPHONEOS_DEPLOYMENT_TARGET = 9.2;
				MTL_ENABLE_DEBUG_INFO = YES;
				ONLY_ACTIVE_ARCH = YES;
				SDKROOT = iphoneos;
			};
			name = Debug;
		};
		A60D8F6F1C31643F00B289C6 /* Release */ = {
			isa = XCBuildConfiguration;
			buildSettings = {
				ALWAYS_SEARCH_USER_PATHS = NO;
				CLANG_CXX_LANGUAGE_STANDARD = "gnu++0x";
				CLANG_CXX_LIBRARY = "libc++";
				CLANG_ENABLE_MODULES = YES;
				CLANG_ENABLE_OBJC_ARC = YES;
				CLANG_WARN_BOOL_CONVERSION = YES;
				CLANG_WARN_CONSTANT_CONVERSION = YES;
				CLANG_WARN_DIRECT_OBJC_ISA_USAGE = YES_ERROR;
				CLANG_WARN_EMPTY_BODY = YES;
				CLANG_WARN_ENUM_CONVERSION = YES;
				CLANG_WARN_INT_CONVERSION = YES;
				CLANG_WARN_OBJC_ROOT_CLASS = YES_ERROR;
				CLANG_WARN_UNREACHABLE_CODE = YES;
				CLANG_WARN__DUPLICATE_METHOD_MATCH = YES;
				"CODE_SIGN_IDENTITY[sdk=iphoneos*]" = "iPhone Developer";
				COPY_PHASE_STRIP = NO;
				DEBUG_INFORMATION_FORMAT = "dwarf-with-dsym";
				ENABLE_NS_ASSERTIONS = NO;
				ENABLE_STRICT_OBJC_MSGSEND = YES;
				GCC_C_LANGUAGE_STANDARD = gnu99;
				GCC_NO_COMMON_BLOCKS = YES;
				GCC_WARN_64_TO_32_BIT_CONVERSION = YES;
				GCC_WARN_ABOUT_RETURN_TYPE = YES_ERROR;
				GCC_WARN_UNDECLARED_SELECTOR = YES;
				GCC_WARN_UNINITIALIZED_AUTOS = YES_AGGRESSIVE;
				GCC_WARN_UNUSED_FUNCTION = YES;
				GCC_WARN_UNUSED_VARIABLE = YES;
				IPHONEOS_DEPLOYMENT_TARGET = 9.2;
				MTL_ENABLE_DEBUG_INFO = NO;
				SDKROOT = iphoneos;
				VALIDATE_PRODUCT = YES;
			};
			name = Release;
		};
		A60D8F711C31643F00B289C6 /* Debug */ = {
			isa = XCBuildConfiguration;
			buildSettings = {
				ASSETCATALOG_COMPILER_APPICON_NAME = AppIcon;
				INFOPLIST_FILE = SpaceCat/Info.plist;
				IPHONEOS_DEPLOYMENT_TARGET = 9.1;
				LD_RUNPATH_SEARCH_PATHS = "$(inherited) @executable_path/Frameworks";
				PRODUCT_BUNDLE_IDENTIFIER = com.ilyatoka.SpaceCat;
				PRODUCT_NAME = "$(TARGET_NAME)";
			};
			name = Debug;
		};
		A60D8F721C31643F00B289C6 /* Release */ = {
			isa = XCBuildConfiguration;
			buildSettings = {
				ASSETCATALOG_COMPILER_APPICON_NAME = AppIcon;
				INFOPLIST_FILE = SpaceCat/Info.plist;
				IPHONEOS_DEPLOYMENT_TARGET = 9.1;
				LD_RUNPATH_SEARCH_PATHS = "$(inherited) @executable_path/Frameworks";
				PRODUCT_BUNDLE_IDENTIFIER = com.ilyatoka.SpaceCat;
				PRODUCT_NAME = "$(TARGET_NAME)";
			};
			name = Release;
		};
/* End XCBuildConfiguration section */

/* Begin XCConfigurationList section */
		A60D8F4F1C31643F00B289C6 /* Build configuration list for PBXProject "SpaceCat" */ = {
			isa = XCConfigurationList;
			buildConfigurations = (
				A60D8F6E1C31643F00B289C6 /* Debug */,
				A60D8F6F1C31643F00B289C6 /* Release */,
			);
			defaultConfigurationIsVisible = 0;
			defaultConfigurationName = Release;
		};
		A60D8F701C31643F00B289C6 /* Build configuration list for PBXNativeTarget "SpaceCat" */ = {
			isa = XCConfigurationList;
			buildConfigurations = (
				A60D8F711C31643F00B289C6 /* Debug */,
				A60D8F721C31643F00B289C6 /* Release */,
			);
			defaultConfigurationIsVisible = 0;
			defaultConfigurationName = Release;
		};
/* End XCConfigurationList section */
	};
	rootObject = A60D8F4C1C31643F00B289C6 /* Project object */;
}
